
Microsoft Visual Studio Solution File, Format Version 12.00
# Visual Studio Version 17
VisualStudioVersion = 17.8.34316.72
MinimumVisualStudioVersion = 10.0.40219.1
Project("{9A19103F-16F7-4668-BE54-9A1E7A4F7556}") = "ConsoleAppProj", "ConsoleAppProj\ConsoleAppProj.csproj", "{DC32ADF2-7EDA-4ED0-B29B-DC3C0CA1CE7A}"
EndProject
Project("{FAE04EC0-301F-11D3-BF4B-00C04F79EFBC}") = "PWNunit", "PWNunit\PWNunit.csproj", "{EEB535FF-4DF8-4ECF-8FDE-1C36B94F7CF4}"
EndProject
Global
	GlobalSection(SolutionConfigurationPlatforms) = preSolution
		Debug|Any CPU = Debug|Any CPU
		Release|Any CPU = Release|Any CPU
	EndGlobalSection
	GlobalSection(ProjectConfigurationPlatforms) = postSolution
		{DC32ADF2-7EDA-4ED0-B29B-DC3C0CA1CE7A}.Debug|Any CPU.ActiveCfg = Debug|Any CPU
		{DC32ADF2-7EDA-4ED0-B29B-DC3C0CA1CE7A}.Debug|Any CPU.Build.0 = Debug|Any CPU
		{DC32ADF2-7EDA-4ED0-B29B-DC3C0CA1CE7A}.Release|Any CPU.ActiveCfg = Release|Any CPU
		{DC32ADF2-7EDA-4ED0-B29B-DC3C0CA1CE7A}.Release|Any CPU.Build.0 = Release|Any CPU
		{EEB535FF-4DF8-4ECF-8FDE-1C36B94F7CF4}.Debug|Any CPU.ActiveCfg = Debug|Any CPU
		{EEB535FF-4DF8-4ECF-8FDE-1C36B94F7CF4}.Debug|Any CPU.Build.0 = Debug|Any CPU
		{EEB535FF-4DF8-4ECF-8FDE-1C36B94F7CF4}.Release|Any CPU.ActiveCfg = Release|Any CPU
		{EEB535FF-4DF8-4ECF-8FDE-1C36B94F7CF4}.Release|Any CPU.Build.0 = Release|Any CPU
	EndGlobalSection
	GlobalSection(SolutionProperties) = preSolution
		HideSolutionNode = FALSE
	EndGlobalSection
	GlobalSection(ExtensibilityGlobals) = postSolution
		SolutionGuid = {5BF05BB8-BFEC-4FAA-825D-84D241FA0E14}
	EndGlobalSection
EndGlobal
