
Microsoft Visual Studio Solution File, Format Version 12.00
# Visual Studio Version 17
VisualStudioVersion = 17.7.34202.233
MinimumVisualStudioVersion = 10.0.40219.1
Project("{FAE04EC0-301F-11D3-BF4B-00C04F79EFBC}") = "ConsoleAppPro", "ConsoleAppPro\ConsoleAppPro.csproj", "{AFEA4016-0333-4774-8FB2-D3FAC31B871B}"
EndProject
Project("{FAE04EC0-301F-11D3-BF4B-00C04F79EFBC}") = "PWNunit", "PWNunit\PWNunit.csproj", "{98D20653-4A90-4992-80D5-8A22545BD755}"
EndProject
Global
	GlobalSection(SolutionConfigurationPlatforms) = preSolution
		Debug|Any CPU = Debug|Any CPU
		Release|Any CPU = Release|Any CPU
	EndGlobalSection
	GlobalSection(ProjectConfigurationPlatforms) = postSolution
		{AFEA4016-0333-4774-8FB2-D3FAC31B871B}.Debug|Any CPU.ActiveCfg = Debug|Any CPU
		{AFEA4016-0333-4774-8FB2-D3FAC31B871B}.Debug|Any CPU.Build.0 = Debug|Any CPU
		{AFEA4016-0333-4774-8FB2-D3FAC31B871B}.Release|Any CPU.ActiveCfg = Release|Any CPU
		{AFEA4016-0333-4774-8FB2-D3FAC31B871B}.Release|Any CPU.Build.0 = Release|Any CPU
		{98D20653-4A90-4992-80D5-8A22545BD755}.Debug|Any CPU.ActiveCfg = Debug|Any CPU
		{98D20653-4A90-4992-80D5-8A22545BD755}.Debug|Any CPU.Build.0 = Debug|Any CPU
		{98D20653-4A90-4992-80D5-8A22545BD755}.Release|Any CPU.ActiveCfg = Release|Any CPU
		{98D20653-4A90-4992-80D5-8A22545BD755}.Release|Any CPU.Build.0 = Release|Any CPU
	EndGlobalSection
	GlobalSection(SolutionProperties) = preSolution
		HideSolutionNode = FALSE
	EndGlobalSection
	GlobalSection(ExtensibilityGlobals) = postSolution
		SolutionGuid = {98F7B8FF-AA54-498E-8371-A18A7DACC80E}
	EndGlobalSection
EndGlobal
